
Microsoft Visual Studio Solution File, Format Version 12.00
# Visual Studio 15
VisualStudioVersion = 15.0.28307.852
MinimumVisualStudioVersion = 10.0.40219.1
Project("{FAE04EC0-301F-11D3-BF4B-00C04F79EFBC}") = "Exercicio01.Android", "Exercicio01\Exercicio01.Android\Exercicio01.Android.csproj", "{E8510E95-6DDE-4CB7-9CAD-93F8254A01AA}"
EndProject
Project("{FAE04EC0-301F-11D3-BF4B-00C04F79EFBC}") = "Exercicio01.iOS", "Exercicio01\Exercicio01.iOS\Exercicio01.iOS.csproj", "{67DEC707-3F26-4A4C-B3F6-26ED9A3DFCDE}"
EndProject
Project("{FAE04EC0-301F-11D3-BF4B-00C04F79EFBC}") = "Exercicio01.UWP", "Exercicio01\Exercicio01.UWP\Exercicio01.UWP.csproj", "{7D0C41FD-E50C-4EB5-80DA-111B369D036F}"
EndProject
Project("{FAE04EC0-301F-11D3-BF4B-00C04F79EFBC}") = "Exercicio01", "Exercicio01\Exercicio01\Exercicio01.csproj", "{9FE6F67F-2218-4A45-A169-DBB71E68F359}"
EndProject
Global
	GlobalSection(SolutionConfigurationPlatforms) = preSolution
		Ad-Hoc|Any CPU = Ad-Hoc|Any CPU
		Ad-Hoc|ARM = Ad-Hoc|ARM
		Ad-Hoc|iPhone = Ad-Hoc|iPhone
		Ad-Hoc|iPhoneSimulator = Ad-Hoc|iPhoneSimulator
		Ad-Hoc|x64 = Ad-Hoc|x64
		Ad-Hoc|x86 = Ad-Hoc|x86
		AppStore|Any CPU = AppStore|Any CPU
		AppStore|ARM = AppStore|ARM
		AppStore|iPhone = AppStore|iPhone
		AppStore|iPhoneSimulator = AppStore|iPhoneSimulator
		AppStore|x64 = AppStore|x64
		AppStore|x86 = AppStore|x86
		Debug|Any CPU = Debug|Any CPU
		Debug|ARM = Debug|ARM
		Debug|iPhone = Debug|iPhone
		Debug|iPhoneSimulator = Debug|iPhoneSimulator
		Debug|x64 = Debug|x64
		Debug|x86 = Debug|x86
		Release|Any CPU = Release|Any CPU
		Release|ARM = Release|ARM
		Release|iPhone = Release|iPhone
		Release|iPhoneSimulator = Release|iPhoneSimulator
		Release|x64 = Release|x64
		Release|x86 = Release|x86
	EndGlobalSection
	GlobalSection(ProjectConfigurationPlatforms) = postSolution
		{E8510E95-6DDE-4CB7-9CAD-93F8254A01AA}.Ad-Hoc|Any CPU.ActiveCfg = Release|Any CPU
		{E8510E95-6DDE-4CB7-9CAD-93F8254A01AA}.Ad-Hoc|Any CPU.Build.0 = Release|Any CPU
		{E8510E95-6DDE-4CB7-9CAD-93F8254A01AA}.Ad-Hoc|Any CPU.Deploy.0 = Release|Any CPU
		{E8510E95-6DDE-4CB7-9CAD-93F8254A01AA}.Ad-Hoc|ARM.ActiveCfg = Release|Any CPU
		{E8510E95-6DDE-4CB7-9CAD-93F8254A01AA}.Ad-Hoc|ARM.Build.0 = Release|Any CPU
		{E8510E95-6DDE-4CB7-9CAD-93F8254A01AA}.Ad-Hoc|ARM.Deploy.0 = Release|Any CPU
		{E8510E95-6DDE-4CB7-9CAD-93F8254A01AA}.Ad-Hoc|iPhone.ActiveCfg = Release|Any CPU
		{E8510E95-6DDE-4CB7-9CAD-93F8254A01AA}.Ad-Hoc|iPhone.Build.0 = Release|Any CPU
		{E8510E95-6DDE-4CB7-9CAD-93F8254A01AA}.Ad-Hoc|iPhone.Deploy.0 = Release|Any CPU
		{E8510E95-6DDE-4CB7-9CAD-93F8254A01AA}.Ad-Hoc|iPhoneSimulator.ActiveCfg = Release|Any CPU
		{E8510E95-6DDE-4CB7-9CAD-93F8254A01AA}.Ad-Hoc|iPhoneSimulator.Build.0 = Release|Any CPU
		{E8510E95-6DDE-4CB7-9CAD-93F8254A01AA}.Ad-Hoc|iPhoneSimulator.Deploy.0 = Release|Any CPU
		{E8510E95-6DDE-4CB7-9CAD-93F8254A01AA}.Ad-Hoc|x64.ActiveCfg = Release|Any CPU
		{E8510E95-6DDE-4CB7-9CAD-93F8254A01AA}.Ad-Hoc|x64.Build.0 = Release|Any CPU
		{E8510E95-6DDE-4CB7-9CAD-93F8254A01AA}.Ad-Hoc|x64.Deploy.0 = Release|Any CPU
		{E8510E95-6DDE-4CB7-9CAD-93F8254A01AA}.Ad-Hoc|x86.ActiveCfg = Release|Any CPU
		{E8510E95-6DDE-4CB7-9CAD-93F8254A01AA}.Ad-Hoc|x86.Build.0 = Release|Any CPU
		{E8510E95-6DDE-4CB7-9CAD-93F8254A01AA}.Ad-Hoc|x86.Deploy.0 = Release|Any CPU
		{E8510E95-6DDE-4CB7-9CAD-93F8254A01AA}.AppStore|Any CPU.ActiveCfg = Release|Any CPU
		{E8510E95-6DDE-4CB7-9CAD-93F8254A01AA}.AppStore|Any CPU.Build.0 = Release|Any CPU
		{E8510E95-6DDE-4CB7-9CAD-93F8254A01AA}.AppStore|Any CPU.Deploy.0 = Release|Any CPU
		{E8510E95-6DDE-4CB7-9CAD-93F8254A01AA}.AppStore|ARM.ActiveCfg = Release|Any CPU
		{E8510E95-6DDE-4CB7-9CAD-93F8254A01AA}.AppStore|ARM.Build.0 = Release|Any CPU
		{E8510E95-6DDE-4CB7-9CAD-93F8254A01AA}.AppStore|ARM.Deploy.0 = Release|Any CPU
		{E8510E95-6DDE-4CB7-9CAD-93F8254A01AA}.AppStore|iPhone.ActiveCfg = Release|Any CPU
		{E8510E95-6DDE-4CB7-9CAD-93F8254A01AA}.AppStore|iPhone.Build.0 = Release|Any CPU
		{E8510E95-6DDE-4CB7-9CAD-93F8254A01AA}.AppStore|iPhone.Deploy.0 = Release|Any CPU
		{E8510E95-6DDE-4CB7-9CAD-93F8254A01AA}.AppStore|iPhoneSimulator.ActiveCfg = Release|Any CPU
		{E8510E95-6DDE-4CB7-9CAD-93F8254A01AA}.AppStore|iPhoneSimulator.Build.0 = Release|Any CPU
		{E8510E95-6DDE-4CB7-9CAD-93F8254A01AA}.AppStore|iPhoneSimulator.Deploy.0 = Release|Any CPU
		{E8510E95-6DDE-4CB7-9CAD-93F8254A01AA}.AppStore|x64.ActiveCfg = Release|Any CPU
		{E8510E95-6DDE-4CB7-9CAD-93F8254A01AA}.AppStore|x64.Build.0 = Release|Any CPU
		{E8510E95-6DDE-4CB7-9CAD-93F8254A01AA}.AppStore|x64.Deploy.0 = Release|Any CPU
		{E8510E95-6DDE-4CB7-9CAD-93F8254A01AA}.AppStore|x86.ActiveCfg = Release|Any CPU
		{E8510E95-6DDE-4CB7-9CAD-93F8254A01AA}.AppStore|x86.Build.0 = Release|Any CPU
		{E8510E95-6DDE-4CB7-9CAD-93F8254A01AA}.AppStore|x86.Deploy.0 = Release|Any CPU
		{E8510E95-6DDE-4CB7-9CAD-93F8254A01AA}.Debug|Any CPU.ActiveCfg = Debug|Any CPU
		{E8510E95-6DDE-4CB7-9CAD-93F8254A01AA}.Debug|Any CPU.Build.0 = Debug|Any CPU
		{E8510E95-6DDE-4CB7-9CAD-93F8254A01AA}.Debug|Any CPU.Deploy.0 = Debug|Any CPU
		{E8510E95-6DDE-4CB7-9CAD-93F8254A01AA}.Debug|ARM.ActiveCfg = Debug|Any CPU
		{E8510E95-6DDE-4CB7-9CAD-93F8254A01AA}.Debug|ARM.Build.0 = Debug|Any CPU
		{E8510E95-6DDE-4CB7-9CAD-93F8254A01AA}.Debug|ARM.Deploy.0 = Debug|Any CPU
		{E8510E95-6DDE-4CB7-9CAD-93F8254A01AA}.Debug|iPhone.ActiveCfg = Debug|Any CPU
		{E8510E95-6DDE-4CB7-9CAD-93F8254A01AA}.Debug|iPhone.Build.0 = Debug|Any CPU
		{E8510E95-6DDE-4CB7-9CAD-93F8254A01AA}.Debug|iPhone.Deploy.0 = Debug|Any CPU
		{E8510E95-6DDE-4CB7-9CAD-93F8254A01AA}.Debug|iPhoneSimulator.ActiveCfg = Debug|Any CPU
		{E8510E95-6DDE-4CB7-9CAD-93F8254A01AA}.Debug|iPhoneSimulator.Build.0 = Debug|Any CPU
		{E8510E95-6DDE-4CB7-9CAD-93F8254A01AA}.Debug|iPhoneSimulator.Deploy.0 = Debug|Any CPU
		{E8510E95-6DDE-4CB7-9CAD-93F8254A01AA}.Debug|x64.ActiveCfg = Debug|Any CPU
		{E8510E95-6DDE-4CB7-9CAD-93F8254A01AA}.Debug|x64.Build.0 = Debug|Any CPU
		{E8510E95-6DDE-4CB7-9CAD-93F8254A01AA}.Debug|x64.Deploy.0 = Debug|Any CPU
		{E8510E95-6DDE-4CB7-9CAD-93F8254A01AA}.Debug|x86.ActiveCfg = Debug|Any CPU
		{E8510E95-6DDE-4CB7-9CAD-93F8254A01AA}.Debug|x86.Build.0 = Debug|Any CPU
		{E8510E95-6DDE-4CB7-9CAD-93F8254A01AA}.Debug|x86.Deploy.0 = Debug|Any CPU
		{E8510E95-6DDE-4CB7-9CAD-93F8254A01AA}.Release|Any CPU.ActiveCfg = Release|Any CPU
		{E8510E95-6DDE-4CB7-9CAD-93F8254A01AA}.Release|Any CPU.Build.0 = Release|Any CPU
		{E8510E95-6DDE-4CB7-9CAD-93F8254A01AA}.Release|Any CPU.Deploy.0 = Release|Any CPU
		{E8510E95-6DDE-4CB7-9CAD-93F8254A01AA}.Release|ARM.ActiveCfg = Release|Any CPU
		{E8510E95-6DDE-4CB7-9CAD-93F8254A01AA}.Release|ARM.Build.0 = Release|Any CPU
		{E8510E95-6DDE-4CB7-9CAD-93F8254A01AA}.Release|ARM.Deploy.0 = Release|Any CPU
		{E8510E95-6DDE-4CB7-9CAD-93F8254A01AA}.Release|iPhone.ActiveCfg = Release|Any CPU
		{E8510E95-6DDE-4CB7-9CAD-93F8254A01AA}.Release|iPhone.Build.0 = Release|Any CPU
		{E8510E95-6DDE-4CB7-9CAD-93F8254A01AA}.Release|iPhone.Deploy.0 = Release|Any CPU
		{E8510E95-6DDE-4CB7-9CAD-93F8254A01AA}.Release|iPhoneSimulator.ActiveCfg = Release|Any CPU
		{E8510E95-6DDE-4CB7-9CAD-93F8254A01AA}.Release|iPhoneSimulator.Build.0 = Release|Any CPU
		{E8510E95-6DDE-4CB7-9CAD-93F8254A01AA}.Release|iPhoneSimulator.Deploy.0 = Release|Any CPU
		{E8510E95-6DDE-4CB7-9CAD-93F8254A01AA}.Release|x64.ActiveCfg = Release|Any CPU
		{E8510E95-6DDE-4CB7-9CAD-93F8254A01AA}.Release|x64.Build.0 = Release|Any CPU
		{E8510E95-6DDE-4CB7-9CAD-93F8254A01AA}.Release|x64.Deploy.0 = Release|Any CPU
		{E8510E95-6DDE-4CB7-9CAD-93F8254A01AA}.Release|x86.ActiveCfg = Release|Any CPU
		{E8510E95-6DDE-4CB7-9CAD-93F8254A01AA}.Release|x86.Build.0 = Release|Any CPU
		{E8510E95-6DDE-4CB7-9CAD-93F8254A01AA}.Release|x86.Deploy.0 = Release|Any CPU
		{67DEC707-3F26-4A4C-B3F6-26ED9A3DFCDE}.Ad-Hoc|Any CPU.ActiveCfg = Ad-Hoc|iPhone
		{67DEC707-3F26-4A4C-B3F6-26ED9A3DFCDE}.Ad-Hoc|Any CPU.Build.0 = Ad-Hoc|iPhone
		{67DEC707-3F26-4A4C-B3F6-26ED9A3DFCDE}.Ad-Hoc|Any CPU.Deploy.0 = Ad-Hoc|iPhone
		{67DEC707-3F26-4A4C-B3F6-26ED9A3DFCDE}.Ad-Hoc|ARM.ActiveCfg = Ad-Hoc|iPhone
		{67DEC707-3F26-4A4C-B3F6-26ED9A3DFCDE}.Ad-Hoc|ARM.Build.0 = Ad-Hoc|iPhone
		{67DEC707-3F26-4A4C-B3F6-26ED9A3DFCDE}.Ad-Hoc|ARM.Deploy.0 = Ad-Hoc|iPhone
		{67DEC707-3F26-4A4C-B3F6-26ED9A3DFCDE}.Ad-Hoc|iPhone.ActiveCfg = Ad-Hoc|iPhone
		{67DEC707-3F26-4A4C-B3F6-26ED9A3DFCDE}.Ad-Hoc|iPhone.Build.0 = Ad-Hoc|iPhone
		{67DEC707-3F26-4A4C-B3F6-26ED9A3DFCDE}.Ad-Hoc|iPhone.Deploy.0 = Ad-Hoc|iPhone
		{67DEC707-3F26-4A4C-B3F6-26ED9A3DFCDE}.Ad-Hoc|iPhoneSimulator.ActiveCfg = Ad-Hoc|iPhoneSimulator
		{67DEC707-3F26-4A4C-B3F6-26ED9A3DFCDE}.Ad-Hoc|iPhoneSimulator.Build.0 = Ad-Hoc|iPhoneSimulator
		{67DEC707-3F26-4A4C-B3F6-26ED9A3DFCDE}.Ad-Hoc|iPhoneSimulator.Deploy.0 = Ad-Hoc|iPhoneSimulator
		{67DEC707-3F26-4A4C-B3F6-26ED9A3DFCDE}.Ad-Hoc|x64.ActiveCfg = Ad-Hoc|iPhone
		{67DEC707-3F26-4A4C-B3F6-26ED9A3DFCDE}.Ad-Hoc|x64.Build.0 = Ad-Hoc|iPhone
		{67DEC707-3F26-4A4C-B3F6-26ED9A3DFCDE}.Ad-Hoc|x64.Deploy.0 = Ad-Hoc|iPhone
		{67DEC707-3F26-4A4C-B3F6-26ED9A3DFCDE}.Ad-Hoc|x86.ActiveCfg = Ad-Hoc|iPhone
		{67DEC707-3F26-4A4C-B3F6-26ED9A3DFCDE}.Ad-Hoc|x86.Build.0 = Ad-Hoc|iPhone
		{67DEC707-3F26-4A4C-B3F6-26ED9A3DFCDE}.Ad-Hoc|x86.Deploy.0 = Ad-Hoc|iPhone
		{67DEC707-3F26-4A4C-B3F6-26ED9A3DFCDE}.AppStore|Any CPU.ActiveCfg = AppStore|iPhone
		{67DEC707-3F26-4A4C-B3F6-26ED9A3DFCDE}.AppStore|Any CPU.Build.0 = AppStore|iPhone
		{67DEC707-3F26-4A4C-B3F6-26ED9A3DFCDE}.AppStore|Any CPU.Deploy.0 = AppStore|iPhone
		{67DEC707-3F26-4A4C-B3F6-26ED9A3DFCDE}.AppStore|ARM.ActiveCfg = AppStore|iPhone
		{67DEC707-3F26-4A4C-B3F6-26ED9A3DFCDE}.AppStore|ARM.Build.0 = AppStore|iPhone
		{67DEC707-3F26-4A4C-B3F6-26ED9A3DFCDE}.AppStore|ARM.Deploy.0 = AppStore|iPhone
		{67DEC707-3F26-4A4C-B3F6-26ED9A3DFCDE}.AppStore|iPhone.ActiveCfg = AppStore|iPhone
		{67DEC707-3F26-4A4C-B3F6-26ED9A3DFCDE}.AppStore|iPhone.Build.0 = AppStore|iPhone
		{67DEC707-3F26-4A4C-B3F6-26ED9A3DFCDE}.AppStore|iPhone.Deploy.0 = AppStore|iPhone
		{67DEC707-3F26-4A4C-B3F6-26ED9A3DFCDE}.AppStore|iPhoneSimulator.ActiveCfg = AppStore|iPhoneSimulator
		{67DEC707-3F26-4A4C-B3F6-26ED9A3DFCDE}.AppStore|iPhoneSimulator.Build.0 = AppStore|iPhoneSimulator
		{67DEC707-3F26-4A4C-B3F6-26ED9A3DFCDE}.AppStore|iPhoneSimulator.Deploy.0 = AppStore|iPhoneSimulator
		{67DEC707-3F26-4A4C-B3F6-26ED9A3DFCDE}.AppStore|x64.ActiveCfg = AppStore|iPhone
		{67DEC707-3F26-4A4C-B3F6-26ED9A3DFCDE}.AppStore|x64.Build.0 = AppStore|iPhone
		{67DEC707-3F26-4A4C-B3F6-26ED9A3DFCDE}.AppStore|x64.Deploy.0 = AppStore|iPhone
		{67DEC707-3F26-4A4C-B3F6-26ED9A3DFCDE}.AppStore|x86.ActiveCfg = AppStore|iPhone
		{67DEC707-3F26-4A4C-B3F6-26ED9A3DFCDE}.AppStore|x86.Build.0 = AppStore|iPhone
		{67DEC707-3F26-4A4C-B3F6-26ED9A3DFCDE}.AppStore|x86.Deploy.0 = AppStore|iPhone
		{67DEC707-3F26-4A4C-B3F6-26ED9A3DFCDE}.Debug|Any CPU.ActiveCfg = Debug|iPhoneSimulator
		{67DEC707-3F26-4A4C-B3F6-26ED9A3DFCDE}.Debug|Any CPU.Build.0 = Debug|iPhoneSimulator
		{67DEC707-3F26-4A4C-B3F6-26ED9A3DFCDE}.Debug|Any CPU.Deploy.0 = Debug|iPhoneSimulator
		{67DEC707-3F26-4A4C-B3F6-26ED9A3DFCDE}.Debug|ARM.ActiveCfg = Debug|iPhone
		{67DEC707-3F26-4A4C-B3F6-26ED9A3DFCDE}.Debug|ARM.Build.0 = Debug|iPhone
		{67DEC707-3F26-4A4C-B3F6-26ED9A3DFCDE}.Debug|ARM.Deploy.0 = Debug|iPhone
		{67DEC707-3F26-4A4C-B3F6-26ED9A3DFCDE}.Debug|iPhone.ActiveCfg = Debug|iPhone
		{67DEC707-3F26-4A4C-B3F6-26ED9A3DFCDE}.Debug|iPhone.Build.0 = Debug|iPhone
		{67DEC707-3F26-4A4C-B3F6-26ED9A3DFCDE}.Debug|iPhone.Deploy.0 = Debug|iPhone
		{67DEC707-3F26-4A4C-B3F6-26ED9A3DFCDE}.Debug|iPhoneSimulator.ActiveCfg = Debug|iPhoneSimulator
		{67DEC707-3F26-4A4C-B3F6-26ED9A3DFCDE}.Debug|iPhoneSimulator.Build.0 = Debug|iPhoneSimulator
		{67DEC707-3F26-4A4C-B3F6-26ED9A3DFCDE}.Debug|iPhoneSimulator.Deploy.0 = Debug|iPhoneSimulator
		{67DEC707-3F26-4A4C-B3F6-26ED9A3DFCDE}.Debug|x64.ActiveCfg = Debug|iPhone
		{67DEC707-3F26-4A4C-B3F6-26ED9A3DFCDE}.Debug|x64.Build.0 = Debug|iPhone
		{67DEC707-3F26-4A4C-B3F6-26ED9A3DFCDE}.Debug|x64.Deploy.0 = Debug|iPhone
		{67DEC707-3F26-4A4C-B3F6-26ED9A3DFCDE}.Debug|x86.ActiveCfg = Debug|iPhone
		{67DEC707-3F26-4A4C-B3F6-26ED9A3DFCDE}.Debug|x86.Build.0 = Debug|iPhone
		{67DEC707-3F26-4A4C-B3F6-26ED9A3DFCDE}.Debug|x86.Deploy.0 = Debug|iPhone
		{67DEC707-3F26-4A4C-B3F6-26ED9A3DFCDE}.Release|Any CPU.ActiveCfg = Release|iPhone
		{67DEC707-3F26-4A4C-B3F6-26ED9A3DFCDE}.Release|Any CPU.Build.0 = Release|iPhone
		{67DEC707-3F26-4A4C-B3F6-26ED9A3DFCDE}.Release|Any CPU.Deploy.0 = Release|iPhone
		{67DEC707-3F26-4A4C-B3F6-26ED9A3DFCDE}.Release|ARM.ActiveCfg = Release|iPhone
		{67DEC707-3F26-4A4C-B3F6-26ED9A3DFCDE}.Release|ARM.Build.0 = Release|iPhone
		{67DEC707-3F26-4A4C-B3F6-26ED9A3DFCDE}.Release|ARM.Deploy.0 = Release|iPhone
		{67DEC707-3F26-4A4C-B3F6-26ED9A3DFCDE}.Release|iPhone.ActiveCfg = Release|iPhone
		{67DEC707-3F26-4A4C-B3F6-26ED9A3DFCDE}.Release|iPhone.Build.0 = Release|iPhone
		{67DEC707-3F26-4A4C-B3F6-26ED9A3DFCDE}.Release|iPhone.Deploy.0 = Release|iPhone
		{67DEC707-3F26-4A4C-B3F6-26ED9A3DFCDE}.Release|iPhoneSimulator.ActiveCfg = Release|iPhoneSimulator
		{67DEC707-3F26-4A4C-B3F6-26ED9A3DFCDE}.Release|iPhoneSimulator.Build.0 = Release|iPhoneSimulator
		{67DEC707-3F26-4A4C-B3F6-26ED9A3DFCDE}.Release|iPhoneSimulator.Deploy.0 = Release|iPhoneSimulator
		{67DEC707-3F26-4A4C-B3F6-26ED9A3DFCDE}.Release|x64.ActiveCfg = Release|iPhone
		{67DEC707-3F26-4A4C-B3F6-26ED9A3DFCDE}.Release|x64.Build.0 = Release|iPhone
		{67DEC707-3F26-4A4C-B3F6-26ED9A3DFCDE}.Release|x64.Deploy.0 = Release|iPhone
		{67DEC707-3F26-4A4C-B3F6-26ED9A3DFCDE}.Release|x86.ActiveCfg = Release|iPhone
		{67DEC707-3F26-4A4C-B3F6-26ED9A3DFCDE}.Release|x86.Build.0 = Release|iPhone
		{67DEC707-3F26-4A4C-B3F6-26ED9A3DFCDE}.Release|x86.Deploy.0 = Release|iPhone
		{7D0C41FD-E50C-4EB5-80DA-111B369D036F}.Ad-Hoc|Any CPU.ActiveCfg = Release|x86
		{7D0C41FD-E50C-4EB5-80DA-111B369D036F}.Ad-Hoc|Any CPU.Build.0 = Release|x86
		{7D0C41FD-E50C-4EB5-80DA-111B369D036F}.Ad-Hoc|Any CPU.Deploy.0 = Release|x86
		{7D0C41FD-E50C-4EB5-80DA-111B369D036F}.Ad-Hoc|ARM.ActiveCfg = Release|ARM
		{7D0C41FD-E50C-4EB5-80DA-111B369D036F}.Ad-Hoc|ARM.Build.0 = Release|ARM
		{7D0C41FD-E50C-4EB5-80DA-111B369D036F}.Ad-Hoc|ARM.Deploy.0 = Release|ARM
		{7D0C41FD-E50C-4EB5-80DA-111B369D036F}.Ad-Hoc|iPhone.ActiveCfg = Release|x86
		{7D0C41FD-E50C-4EB5-80DA-111B369D036F}.Ad-Hoc|iPhone.Build.0 = Release|x86
		{7D0C41FD-E50C-4EB5-80DA-111B369D036F}.Ad-Hoc|iPhone.Deploy.0 = Release|x86
		{7D0C41FD-E50C-4EB5-80DA-111B369D036F}.Ad-Hoc|iPhoneSimulator.ActiveCfg = Release|x86
		{7D0C41FD-E50C-4EB5-80DA-111B369D036F}.Ad-Hoc|iPhoneSimulator.Build.0 = Release|x86
		{7D0C41FD-E50C-4EB5-80DA-111B369D036F}.Ad-Hoc|iPhoneSimulator.Deploy.0 = Release|x86
		{7D0C41FD-E50C-4EB5-80DA-111B369D036F}.Ad-Hoc|x64.ActiveCfg = Release|x64
		{7D0C41FD-E50C-4EB5-80DA-111B369D036F}.Ad-Hoc|x64.Build.0 = Release|x64
		{7D0C41FD-E50C-4EB5-80DA-111B369D036F}.Ad-Hoc|x64.Deploy.0 = Release|x64
		{7D0C41FD-E50C-4EB5-80DA-111B369D036F}.Ad-Hoc|x86.ActiveCfg = Release|x86
		{7D0C41FD-E50C-4EB5-80DA-111B369D036F}.Ad-Hoc|x86.Build.0 = Release|x86
		{7D0C41FD-E50C-4EB5-80DA-111B369D036F}.Ad-Hoc|x86.Deploy.0 = Release|x86
		{7D0C41FD-E50C-4EB5-80DA-111B369D036F}.AppStore|Any CPU.ActiveCfg = Release|x86
		{7D0C41FD-E50C-4EB5-80DA-111B369D036F}.AppStore|Any CPU.Build.0 = Release|x86
		{7D0C41FD-E50C-4EB5-80DA-111B369D036F}.AppStore|Any CPU.Deploy.0 = Release|x86
		{7D0C41FD-E50C-4EB5-80DA-111B369D036F}.AppStore|ARM.ActiveCfg = Release|ARM
		{7D0C41FD-E50C-4EB5-80DA-111B369D036F}.AppStore|ARM.Build.0 = Release|ARM
		{7D0C41FD-E50C-4EB5-80DA-111B369D036F}.AppStore|ARM.Deploy.0 = Release|ARM
		{7D0C41FD-E50C-4EB5-80DA-111B369D036F}.AppStore|iPhone.ActiveCfg = Release|x86
		{7D0C41FD-E50C-4EB5-80DA-111B369D036F}.AppStore|iPhone.Build.0 = Release|x86
		{7D0C41FD-E50C-4EB5-80DA-111B369D036F}.AppStore|iPhone.Deploy.0 = Release|x86
		{7D0C41FD-E50C-4EB5-80DA-111B369D036F}.AppStore|iPhoneSimulator.ActiveCfg = Release|x86
		{7D0C41FD-E50C-4EB5-80DA-111B369D036F}.AppStore|iPhoneSimulator.Build.0 = Release|x86
		{7D0C41FD-E50C-4EB5-80DA-111B369D036F}.AppStore|iPhoneSimulator.Deploy.0 = Release|x86
		{7D0C41FD-E50C-4EB5-80DA-111B369D036F}.AppStore|x64.ActiveCfg = Release|x64
		{7D0C41FD-E50C-4EB5-80DA-111B369D036F}.AppStore|x64.Build.0 = Release|x64
		{7D0C41FD-E50C-4EB5-80DA-111B369D036F}.AppStore|x64.Deploy.0 = Release|x64
		{7D0C41FD-E50C-4EB5-80DA-111B369D036F}.AppStore|x86.ActiveCfg = Release|x86
		{7D0C41FD-E50C-4EB5-80DA-111B369D036F}.AppStore|x86.Build.0 = Release|x86
		{7D0C41FD-E50C-4EB5-80DA-111B369D036F}.AppStore|x86.Deploy.0 = Release|x86
		{7D0C41FD-E50C-4EB5-80DA-111B369D036F}.Debug|Any CPU.ActiveCfg = Debug|x86
		{7D0C41FD-E50C-4EB5-80DA-111B369D036F}.Debug|Any CPU.Build.0 = Debug|x86
		{7D0C41FD-E50C-4EB5-80DA-111B369D036F}.Debug|Any CPU.Deploy.0 = Debug|x86
		{7D0C41FD-E50C-4EB5-80DA-111B369D036F}.Debug|ARM.ActiveCfg = Debug|ARM
		{7D0C41FD-E50C-4EB5-80DA-111B369D036F}.Debug|ARM.Build.0 = Debug|ARM
		{7D0C41FD-E50C-4EB5-80DA-111B369D036F}.Debug|ARM.Deploy.0 = Debug|ARM
		{7D0C41FD-E50C-4EB5-80DA-111B369D036F}.Debug|iPhone.ActiveCfg = Debug|x86
		{7D0C41FD-E50C-4EB5-80DA-111B369D036F}.Debug|iPhone.Build.0 = Debug|x86
		{7D0C41FD-E50C-4EB5-80DA-111B369D036F}.Debug|iPhone.Deploy.0 = Debug|x86
		{7D0C41FD-E50C-4EB5-80DA-111B369D036F}.Debug|iPhoneSimulator.ActiveCfg = Debug|x86
		{7D0C41FD-E50C-4EB5-80DA-111B369D036F}.Debug|iPhoneSimulator.Build.0 = Debug|x86
		{7D0C41FD-E50C-4EB5-80DA-111B369D036F}.Debug|iPhoneSimulator.Deploy.0 = Debug|x86
		{7D0C41FD-E50C-4EB5-80DA-111B369D036F}.Debug|x64.ActiveCfg = Debug|x64
		{7D0C41FD-E50C-4EB5-80DA-111B369D036F}.Debug|x64.Build.0 = Debug|x64
		{7D0C41FD-E50C-4EB5-80DA-111B369D036F}.Debug|x64.Deploy.0 = Debug|x64
		{7D0C41FD-E50C-4EB5-80DA-111B369D036F}.Debug|x86.ActiveCfg = Debug|x86
		{7D0C41FD-E50C-4EB5-80DA-111B369D036F}.Debug|x86.Build.0 = Debug|x86
		{7D0C41FD-E50C-4EB5-80DA-111B369D036F}.Debug|x86.Deploy.0 = Debug|x86
		{7D0C41FD-E50C-4EB5-80DA-111B369D036F}.Release|Any CPU.ActiveCfg = Release|x86
		{7D0C41FD-E50C-4EB5-80DA-111B369D036F}.Release|Any CPU.Build.0 = Release|x86
		{7D0C41FD-E50C-4EB5-80DA-111B369D036F}.Release|Any CPU.Deploy.0 = Release|x86
		{7D0C41FD-E50C-4EB5-80DA-111B369D036F}.Release|ARM.ActiveCfg = Release|ARM
		{7D0C41FD-E50C-4EB5-80DA-111B369D036F}.Release|ARM.Build.0 = Release|ARM
		{7D0C41FD-E50C-4EB5-80DA-111B369D036F}.Release|ARM.Deploy.0 = Release|ARM
		{7D0C41FD-E50C-4EB5-80DA-111B369D036F}.Release|iPhone.ActiveCfg = Release|x86
		{7D0C41FD-E50C-4EB5-80DA-111B369D036F}.Release|iPhone.Build.0 = Release|x86
		{7D0C41FD-E50C-4EB5-80DA-111B369D036F}.Release|iPhone.Deploy.0 = Release|x86
		{7D0C41FD-E50C-4EB5-80DA-111B369D036F}.Release|iPhoneSimulator.ActiveCfg = Release|x86
		{7D0C41FD-E50C-4EB5-80DA-111B369D036F}.Release|iPhoneSimulator.Build.0 = Release|x86
		{7D0C41FD-E50C-4EB5-80DA-111B369D036F}.Release|iPhoneSimulator.Deploy.0 = Release|x86
		{7D0C41FD-E50C-4EB5-80DA-111B369D036F}.Release|x64.ActiveCfg = Release|x64
		{7D0C41FD-E50C-4EB5-80DA-111B369D036F}.Release|x64.Build.0 = Release|x64
		{7D0C41FD-E50C-4EB5-80DA-111B369D036F}.Release|x64.Deploy.0 = Release|x64
		{7D0C41FD-E50C-4EB5-80DA-111B369D036F}.Release|x86.ActiveCfg = Release|x86
		{7D0C41FD-E50C-4EB5-80DA-111B369D036F}.Release|x86.Build.0 = Release|x86
		{7D0C41FD-E50C-4EB5-80DA-111B369D036F}.Release|x86.Deploy.0 = Release|x86
		{9FE6F67F-2218-4A45-A169-DBB71E68F359}.Ad-Hoc|Any CPU.ActiveCfg = Debug|Any CPU
		{9FE6F67F-2218-4A45-A169-DBB71E68F359}.Ad-Hoc|Any CPU.Build.0 = Debug|Any CPU
		{9FE6F67F-2218-4A45-A169-DBB71E68F359}.Ad-Hoc|Any CPU.Deploy.0 = Debug|Any CPU
		{9FE6F67F-2218-4A45-A169-DBB71E68F359}.Ad-Hoc|ARM.ActiveCfg = Debug|Any CPU
		{9FE6F67F-2218-4A45-A169-DBB71E68F359}.Ad-Hoc|ARM.Build.0 = Debug|Any CPU
		{9FE6F67F-2218-4A45-A169-DBB71E68F359}.Ad-Hoc|ARM.Deploy.0 = Debug|Any CPU
		{9FE6F67F-2218-4A45-A169-DBB71E68F359}.Ad-Hoc|iPhone.ActiveCfg = Debug|Any CPU
		{9FE6F67F-2218-4A45-A169-DBB71E68F359}.Ad-Hoc|iPhone.Build.0 = Debug|Any CPU
		{9FE6F67F-2218-4A45-A169-DBB71E68F359}.Ad-Hoc|iPhone.Deploy.0 = Debug|Any CPU
		{9FE6F67F-2218-4A45-A169-DBB71E68F359}.Ad-Hoc|iPhoneSimulator.ActiveCfg = Debug|Any CPU
		{9FE6F67F-2218-4A45-A169-DBB71E68F359}.Ad-Hoc|iPhoneSimulator.Build.0 = Debug|Any CPU
		{9FE6F67F-2218-4A45-A169-DBB71E68F359}.Ad-Hoc|iPhoneSimulator.Deploy.0 = Debug|Any CPU
		{9FE6F67F-2218-4A45-A169-DBB71E68F359}.Ad-Hoc|x64.ActiveCfg = Debug|Any CPU
		{9FE6F67F-2218-4A45-A169-DBB71E68F359}.Ad-Hoc|x64.Build.0 = Debug|Any CPU
		{9FE6F67F-2218-4A45-A169-DBB71E68F359}.Ad-Hoc|x64.Deploy.0 = Debug|Any CPU
		{9FE6F67F-2218-4A45-A169-DBB71E68F359}.Ad-Hoc|x86.ActiveCfg = Debug|Any CPU
		{9FE6F67F-2218-4A45-A169-DBB71E68F359}.Ad-Hoc|x86.Build.0 = Debug|Any CPU
		{9FE6F67F-2218-4A45-A169-DBB71E68F359}.Ad-Hoc|x86.Deploy.0 = Debug|Any CPU
		{9FE6F67F-2218-4A45-A169-DBB71E68F359}.AppStore|Any CPU.ActiveCfg = Debug|Any CPU
		{9FE6F67F-2218-4A45-A169-DBB71E68F359}.AppStore|Any CPU.Build.0 = Debug|Any CPU
		{9FE6F67F-2218-4A45-A169-DBB71E68F359}.AppStore|Any CPU.Deploy.0 = Debug|Any CPU
		{9FE6F67F-2218-4A45-A169-DBB71E68F359}.AppStore|ARM.ActiveCfg = Debug|Any CPU
		{9FE6F67F-2218-4A45-A169-DBB71E68F359}.AppStore|ARM.Build.0 = Debug|Any CPU
		{9FE6F67F-2218-4A45-A169-DBB71E68F359}.AppStore|ARM.Deploy.0 = Debug|Any CPU
		{9FE6F67F-2218-4A45-A169-DBB71E68F359}.AppStore|iPhone.ActiveCfg = Debug|Any CPU
		{9FE6F67F-2218-4A45-A169-DBB71E68F359}.AppStore|iPhone.Build.0 = Debug|Any CPU
		{9FE6F67F-2218-4A45-A169-DBB71E68F359}.AppStore|iPhone.Deploy.0 = Debug|Any CPU
		{9FE6F67F-2218-4A45-A169-DBB71E68F359}.AppStore|iPhoneSimulator.ActiveCfg = Debug|Any CPU
		{9FE6F67F-2218-4A45-A169-DBB71E68F359}.AppStore|iPhoneSimulator.Build.0 = Debug|Any CPU
		{9FE6F67F-2218-4A45-A169-DBB71E68F359}.AppStore|iPhoneSimulator.Deploy.0 = Debug|Any CPU
		{9FE6F67F-2218-4A45-A169-DBB71E68F359}.AppStore|x64.ActiveCfg = Debug|Any CPU
		{9FE6F67F-2218-4A45-A169-DBB71E68F359}.AppStore|x64.Build.0 = Debug|Any CPU
		{9FE6F67F-2218-4A45-A169-DBB71E68F359}.AppStore|x64.Deploy.0 = Debug|Any CPU
		{9FE6F67F-2218-4A45-A169-DBB71E68F359}.AppStore|x86.ActiveCfg = Debug|Any CPU
		{9FE6F67F-2218-4A45-A169-DBB71E68F359}.AppStore|x86.Build.0 = Debug|Any CPU
		{9FE6F67F-2218-4A45-A169-DBB71E68F359}.AppStore|x86.Deploy.0 = Debug|Any CPU
		{9FE6F67F-2218-4A45-A169-DBB71E68F359}.Debug|Any CPU.ActiveCfg = Debug|Any CPU
		{9FE6F67F-2218-4A45-A169-DBB71E68F359}.Debug|Any CPU.Build.0 = Debug|Any CPU
		{9FE6F67F-2218-4A45-A169-DBB71E68F359}.Debug|Any CPU.Deploy.0 = Debug|Any CPU
		{9FE6F67F-2218-4A45-A169-DBB71E68F359}.Debug|ARM.ActiveCfg = Debug|Any CPU
		{9FE6F67F-2218-4A45-A169-DBB71E68F359}.Debug|ARM.Build.0 = Debug|Any CPU
		{9FE6F67F-2218-4A45-A169-DBB71E68F359}.Debug|ARM.Deploy.0 = Debug|Any CPU
		{9FE6F67F-2218-4A45-A169-DBB71E68F359}.Debug|iPhone.ActiveCfg = Debug|Any CPU
		{9FE6F67F-2218-4A45-A169-DBB71E68F359}.Debug|iPhone.Build.0 = Debug|Any CPU
		{9FE6F67F-2218-4A45-A169-DBB71E68F359}.Debug|iPhone.Deploy.0 = Debug|Any CPU
		{9FE6F67F-2218-4A45-A169-DBB71E68F359}.Debug|iPhoneSimulator.ActiveCfg = Debug|Any CPU
		{9FE6F67F-2218-4A45-A169-DBB71E68F359}.Debug|iPhoneSimulator.Build.0 = Debug|Any CPU
		{9FE6F67F-2218-4A45-A169-DBB71E68F359}.Debug|iPhoneSimulator.Deploy.0 = Debug|Any CPU
		{9FE6F67F-2218-4A45-A169-DBB71E68F359}.Debug|x64.ActiveCfg = Debug|Any CPU
		{9FE6F67F-2218-4A45-A169-DBB71E68F359}.Debug|x64.Build.0 = Debug|Any CPU
		{9FE6F67F-2218-4A45-A169-DBB71E68F359}.Debug|x64.Deploy.0 = Debug|Any CPU
		{9FE6F67F-2218-4A45-A169-DBB71E68F359}.Debug|x86.ActiveCfg = Debug|Any CPU
		{9FE6F67F-2218-4A45-A169-DBB71E68F359}.Debug|x86.Build.0 = Debug|Any CPU
		{9FE6F67F-2218-4A45-A169-DBB71E68F359}.Debug|x86.Deploy.0 = Debug|Any CPU
		{9FE6F67F-2218-4A45-A169-DBB71E68F359}.Release|Any CPU.ActiveCfg = Release|Any CPU
		{9FE6F67F-2218-4A45-A169-DBB71E68F359}.Release|Any CPU.Build.0 = Release|Any CPU
		{9FE6F67F-2218-4A45-A169-DBB71E68F359}.Release|Any CPU.Deploy.0 = Release|Any CPU
		{9FE6F67F-2218-4A45-A169-DBB71E68F359}.Release|ARM.ActiveCfg = Release|Any CPU
		{9FE6F67F-2218-4A45-A169-DBB71E68F359}.Release|ARM.Build.0 = Release|Any CPU
		{9FE6F67F-2218-4A45-A169-DBB71E68F359}.Release|ARM.Deploy.0 = Release|Any CPU
		{9FE6F67F-2218-4A45-A169-DBB71E68F359}.Release|iPhone.ActiveCfg = Release|Any CPU
		{9FE6F67F-2218-4A45-A169-DBB71E68F359}.Release|iPhone.Build.0 = Release|Any CPU
		{9FE6F67F-2218-4A45-A169-DBB71E68F359}.Release|iPhone.Deploy.0 = Release|Any CPU
		{9FE6F67F-2218-4A45-A169-DBB71E68F359}.Release|iPhoneSimulator.ActiveCfg = Release|Any CPU
		{9FE6F67F-2218-4A45-A169-DBB71E68F359}.Release|iPhoneSimulator.Build.0 = Release|Any CPU
		{9FE6F67F-2218-4A45-A169-DBB71E68F359}.Release|iPhoneSimulator.Deploy.0 = Release|Any CPU
		{9FE6F67F-2218-4A45-A169-DBB71E68F359}.Release|x64.ActiveCfg = Release|Any CPU
		{9FE6F67F-2218-4A45-A169-DBB71E68F359}.Release|x64.Build.0 = Release|Any CPU
		{9FE6F67F-2218-4A45-A169-DBB71E68F359}.Release|x64.Deploy.0 = Release|Any CPU
		{9FE6F67F-2218-4A45-A169-DBB71E68F359}.Release|x86.ActiveCfg = Release|Any CPU
		{9FE6F67F-2218-4A45-A169-DBB71E68F359}.Release|x86.Build.0 = Release|Any CPU
		{9FE6F67F-2218-4A45-A169-DBB71E68F359}.Release|x86.Deploy.0 = Release|Any CPU
	EndGlobalSection
	GlobalSection(SolutionProperties) = preSolution
		HideSolutionNode = FALSE
	EndGlobalSection
	GlobalSection(ExtensibilityGlobals) = postSolution
		SolutionGuid = {1C91BDAC-FB7E-432A-A5E9-6F9374911D4B}
	EndGlobalSection
EndGlobal
